
Microsoft Visual Studio Solution File, Format Version 12.00
# Visual Studio 2013
VisualStudioVersion = 12.0.31101.0
MinimumVisualStudioVersion = 10.0.40219.1
Project("{FAE04EC0-301F-11D3-BF4B-00C04F79EFBC}") = "ListViewSample", "ListViewSample\ListViewSample\ListViewSample.csproj", "{EAC5C0BF-E6F8-482D-8BF7-2E8111D63C65}"
EndProject
Project("{FAE04EC0-301F-11D3-BF4B-00C04F79EFBC}") = "ListViewSample.iOS", "ListViewSample\ListViewSample.iOS\ListViewSample.iOS.csproj", "{280D1FA3-B464-4FEB-BB41-692B434DA88D}"
EndProject
Project("{FAE04EC0-301F-11D3-BF4B-00C04F79EFBC}") = "ListViewSample.Droid", "ListViewSample\ListViewSample.Droid\ListViewSample.Droid.csproj", "{EC079BBA-E97F-47B8-A31B-9D9F7237BCD1}"
EndProject
Project("{FAE04EC0-301F-11D3-BF4B-00C04F79EFBC}") = "ListViewSample.WinPhone", "ListViewSample\ListViewSample.WinPhone\ListViewSample.WinPhone.csproj", "{D3702E3D-4466-4AA8-93D0-6142DF8C5C73}"
EndProject
Global
	GlobalSection(SolutionConfigurationPlatforms) = preSolution
		Ad-Hoc|Any CPU = Ad-Hoc|Any CPU
		Ad-Hoc|ARM = Ad-Hoc|ARM
		Ad-Hoc|iPhone = Ad-Hoc|iPhone
		Ad-Hoc|iPhoneSimulator = Ad-Hoc|iPhoneSimulator
		Ad-Hoc|Mixed Platforms = Ad-Hoc|Mixed Platforms
		Ad-Hoc|x86 = Ad-Hoc|x86
		AppStore|Any CPU = AppStore|Any CPU
		AppStore|ARM = AppStore|ARM
		AppStore|iPhone = AppStore|iPhone
		AppStore|iPhoneSimulator = AppStore|iPhoneSimulator
		AppStore|Mixed Platforms = AppStore|Mixed Platforms
		AppStore|x86 = AppStore|x86
		Debug|Any CPU = Debug|Any CPU
		Debug|ARM = Debug|ARM
		Debug|iPhone = Debug|iPhone
		Debug|iPhoneSimulator = Debug|iPhoneSimulator
		Debug|Mixed Platforms = Debug|Mixed Platforms
		Debug|x86 = Debug|x86
		Release|Any CPU = Release|Any CPU
		Release|ARM = Release|ARM
		Release|iPhone = Release|iPhone
		Release|iPhoneSimulator = Release|iPhoneSimulator
		Release|Mixed Platforms = Release|Mixed Platforms
		Release|x86 = Release|x86
	EndGlobalSection
	GlobalSection(ProjectConfigurationPlatforms) = postSolution
		{EAC5C0BF-E6F8-482D-8BF7-2E8111D63C65}.Ad-Hoc|Any CPU.ActiveCfg = Release|Any CPU
		{EAC5C0BF-E6F8-482D-8BF7-2E8111D63C65}.Ad-Hoc|Any CPU.Build.0 = Release|Any CPU
		{EAC5C0BF-E6F8-482D-8BF7-2E8111D63C65}.Ad-Hoc|ARM.ActiveCfg = Release|Any CPU
		{EAC5C0BF-E6F8-482D-8BF7-2E8111D63C65}.Ad-Hoc|iPhone.ActiveCfg = Release|Any CPU
		{EAC5C0BF-E6F8-482D-8BF7-2E8111D63C65}.Ad-Hoc|iPhoneSimulator.ActiveCfg = Release|Any CPU
		{EAC5C0BF-E6F8-482D-8BF7-2E8111D63C65}.Ad-Hoc|Mixed Platforms.ActiveCfg = Release|Any CPU
		{EAC5C0BF-E6F8-482D-8BF7-2E8111D63C65}.Ad-Hoc|Mixed Platforms.Build.0 = Release|Any CPU
		{EAC5C0BF-E6F8-482D-8BF7-2E8111D63C65}.Ad-Hoc|x86.ActiveCfg = Release|Any CPU
		{EAC5C0BF-E6F8-482D-8BF7-2E8111D63C65}.AppStore|Any CPU.ActiveCfg = Release|Any CPU
		{EAC5C0BF-E6F8-482D-8BF7-2E8111D63C65}.AppStore|Any CPU.Build.0 = Release|Any CPU
		{EAC5C0BF-E6F8-482D-8BF7-2E8111D63C65}.AppStore|ARM.ActiveCfg = Release|Any CPU
		{EAC5C0BF-E6F8-482D-8BF7-2E8111D63C65}.AppStore|iPhone.ActiveCfg = Release|Any CPU
		{EAC5C0BF-E6F8-482D-8BF7-2E8111D63C65}.AppStore|iPhoneSimulator.ActiveCfg = Release|Any CPU
		{EAC5C0BF-E6F8-482D-8BF7-2E8111D63C65}.AppStore|Mixed Platforms.ActiveCfg = Release|Any CPU
		{EAC5C0BF-E6F8-482D-8BF7-2E8111D63C65}.AppStore|Mixed Platforms.Build.0 = Release|Any CPU
		{EAC5C0BF-E6F8-482D-8BF7-2E8111D63C65}.AppStore|x86.ActiveCfg = Release|Any CPU
		{EAC5C0BF-E6F8-482D-8BF7-2E8111D63C65}.Debug|Any CPU.ActiveCfg = Debug|Any CPU
		{EAC5C0BF-E6F8-482D-8BF7-2E8111D63C65}.Debug|Any CPU.Build.0 = Debug|Any CPU
		{EAC5C0BF-E6F8-482D-8BF7-2E8111D63C65}.Debug|ARM.ActiveCfg = Debug|Any CPU
		{EAC5C0BF-E6F8-482D-8BF7-2E8111D63C65}.Debug|iPhone.ActiveCfg = Debug|Any CPU
		{EAC5C0BF-E6F8-482D-8BF7-2E8111D63C65}.Debug|iPhoneSimulator.ActiveCfg = Debug|Any CPU
		{EAC5C0BF-E6F8-482D-8BF7-2E8111D63C65}.Debug|Mixed Platforms.ActiveCfg = Debug|Any CPU
		{EAC5C0BF-E6F8-482D-8BF7-2E8111D63C65}.Debug|Mixed Platforms.Build.0 = Debug|Any CPU
		{EAC5C0BF-E6F8-482D-8BF7-2E8111D63C65}.Debug|x86.ActiveCfg = Debug|Any CPU
		{EAC5C0BF-E6F8-482D-8BF7-2E8111D63C65}.Release|Any CPU.ActiveCfg = Release|Any CPU
		{EAC5C0BF-E6F8-482D-8BF7-2E8111D63C65}.Release|Any CPU.Build.0 = Release|Any CPU
		{EAC5C0BF-E6F8-482D-8BF7-2E8111D63C65}.Release|ARM.ActiveCfg = Release|Any CPU
		{EAC5C0BF-E6F8-482D-8BF7-2E8111D63C65}.Release|iPhone.ActiveCfg = Release|Any CPU
		{EAC5C0BF-E6F8-482D-8BF7-2E8111D63C65}.Release|iPhoneSimulator.ActiveCfg = Release|Any CPU
		{EAC5C0BF-E6F8-482D-8BF7-2E8111D63C65}.Release|Mixed Platforms.ActiveCfg = Release|Any CPU
		{EAC5C0BF-E6F8-482D-8BF7-2E8111D63C65}.Release|Mixed Platforms.Build.0 = Release|Any CPU
		{EAC5C0BF-E6F8-482D-8BF7-2E8111D63C65}.Release|x86.ActiveCfg = Release|Any CPU
		{EAC5C0BF-E6F8-482D-8BF7-2E8111D63C65}.Debug|iPhone.Build.0 = Debug|Any CPU
		{EAC5C0BF-E6F8-482D-8BF7-2E8111D63C65}.Release|iPhone.Build.0 = Release|Any CPU
		{280D1FA3-B464-4FEB-BB41-692B434DA88D}.Ad-Hoc|Any CPU.ActiveCfg = Ad-Hoc|iPhone
		{280D1FA3-B464-4FEB-BB41-692B434DA88D}.Ad-Hoc|ARM.ActiveCfg = Ad-Hoc|iPhone
		{280D1FA3-B464-4FEB-BB41-692B434DA88D}.Ad-Hoc|iPhone.ActiveCfg = Ad-Hoc|iPhone
		{280D1FA3-B464-4FEB-BB41-692B434DA88D}.Ad-Hoc|iPhone.Build.0 = Ad-Hoc|iPhone
		{280D1FA3-B464-4FEB-BB41-692B434DA88D}.Ad-Hoc|iPhoneSimulator.ActiveCfg = Ad-Hoc|iPhoneSimulator
		{280D1FA3-B464-4FEB-BB41-692B434DA88D}.Ad-Hoc|iPhoneSimulator.Build.0 = Ad-Hoc|iPhoneSimulator
		{280D1FA3-B464-4FEB-BB41-692B434DA88D}.Ad-Hoc|Mixed Platforms.ActiveCfg = Ad-Hoc|iPhone
		{280D1FA3-B464-4FEB-BB41-692B434DA88D}.Ad-Hoc|Mixed Platforms.Build.0 = Ad-Hoc|iPhone
		{280D1FA3-B464-4FEB-BB41-692B434DA88D}.Ad-Hoc|x86.ActiveCfg = Ad-Hoc|iPhone
		{280D1FA3-B464-4FEB-BB41-692B434DA88D}.AppStore|Any CPU.ActiveCfg = AppStore|iPhone
		{280D1FA3-B464-4FEB-BB41-692B434DA88D}.AppStore|ARM.ActiveCfg = AppStore|iPhone
		{280D1FA3-B464-4FEB-BB41-692B434DA88D}.AppStore|iPhone.ActiveCfg = AppStore|iPhone
		{280D1FA3-B464-4FEB-BB41-692B434DA88D}.AppStore|iPhone.Build.0 = AppStore|iPhone
		{280D1FA3-B464-4FEB-BB41-692B434DA88D}.AppStore|iPhoneSimulator.ActiveCfg = AppStore|iPhoneSimulator
		{280D1FA3-B464-4FEB-BB41-692B434DA88D}.AppStore|iPhoneSimulator.Build.0 = AppStore|iPhoneSimulator
		{280D1FA3-B464-4FEB-BB41-692B434DA88D}.AppStore|Mixed Platforms.ActiveCfg = AppStore|iPhone
		{280D1FA3-B464-4FEB-BB41-692B434DA88D}.AppStore|Mixed Platforms.Build.0 = AppStore|iPhone
		{280D1FA3-B464-4FEB-BB41-692B434DA88D}.AppStore|x86.ActiveCfg = AppStore|iPhone
		{280D1FA3-B464-4FEB-BB41-692B434DA88D}.Debug|Any CPU.ActiveCfg = Debug|iPhone
		{280D1FA3-B464-4FEB-BB41-692B434DA88D}.Debug|ARM.ActiveCfg = Debug|iPhone
		{280D1FA3-B464-4FEB-BB41-692B434DA88D}.Debug|iPhone.ActiveCfg = Debug|iPhone
		{280D1FA3-B464-4FEB-BB41-692B434DA88D}.Debug|iPhone.Build.0 = Debug|iPhone
		{280D1FA3-B464-4FEB-BB41-692B434DA88D}.Debug|iPhoneSimulator.ActiveCfg = Debug|iPhoneSimulator
		{280D1FA3-B464-4FEB-BB41-692B434DA88D}.Debug|iPhoneSimulator.Build.0 = Debug|iPhoneSimulator
		{280D1FA3-B464-4FEB-BB41-692B434DA88D}.Debug|Mixed Platforms.ActiveCfg = Debug|iPhone
		{280D1FA3-B464-4FEB-BB41-692B434DA88D}.Debug|Mixed Platforms.Build.0 = Debug|iPhone
		{280D1FA3-B464-4FEB-BB41-692B434DA88D}.Debug|x86.ActiveCfg = Debug|iPhone
		{280D1FA3-B464-4FEB-BB41-692B434DA88D}.Release|Any CPU.ActiveCfg = Release|iPhone
		{280D1FA3-B464-4FEB-BB41-692B434DA88D}.Release|ARM.ActiveCfg = Release|iPhone
		{280D1FA3-B464-4FEB-BB41-692B434DA88D}.Release|iPhone.ActiveCfg = Release|iPhone
		{280D1FA3-B464-4FEB-BB41-692B434DA88D}.Release|iPhone.Build.0 = Release|iPhone
		{280D1FA3-B464-4FEB-BB41-692B434DA88D}.Release|iPhoneSimulator.ActiveCfg = Release|iPhoneSimulator
		{280D1FA3-B464-4FEB-BB41-692B434DA88D}.Release|iPhoneSimulator.Build.0 = Release|iPhoneSimulator
		{280D1FA3-B464-4FEB-BB41-692B434DA88D}.Release|Mixed Platforms.ActiveCfg = Release|iPhone
		{280D1FA3-B464-4FEB-BB41-692B434DA88D}.Release|Mixed Platforms.Build.0 = Release|iPhone
		{280D1FA3-B464-4FEB-BB41-692B434DA88D}.Release|x86.ActiveCfg = Release|iPhone
		{280D1FA3-B464-4FEB-BB41-692B434DA88D}.Debug|Any CPU.Build.0 = Debug|iPhone
		{280D1FA3-B464-4FEB-BB41-692B434DA88D}.Ad-Hoc|Any CPU.Build.0 = Ad-Hoc|iPhone
		{EC079BBA-E97F-47B8-A31B-9D9F7237BCD1}.Ad-Hoc|Any CPU.ActiveCfg = Release|Any CPU
		{EC079BBA-E97F-47B8-A31B-9D9F7237BCD1}.Ad-Hoc|Any CPU.Build.0 = Release|Any CPU
		{EC079BBA-E97F-47B8-A31B-9D9F7237BCD1}.Ad-Hoc|Any CPU.Deploy.0 = Release|Any CPU
		{EC079BBA-E97F-47B8-A31B-9D9F7237BCD1}.Ad-Hoc|ARM.ActiveCfg = Release|Any CPU
		{EC079BBA-E97F-47B8-A31B-9D9F7237BCD1}.Ad-Hoc|iPhone.ActiveCfg = Release|Any CPU
		{EC079BBA-E97F-47B8-A31B-9D9F7237BCD1}.Ad-Hoc|iPhoneSimulator.ActiveCfg = Release|Any CPU
		{EC079BBA-E97F-47B8-A31B-9D9F7237BCD1}.Ad-Hoc|Mixed Platforms.ActiveCfg = Release|Any CPU
		{EC079BBA-E97F-47B8-A31B-9D9F7237BCD1}.Ad-Hoc|Mixed Platforms.Build.0 = Release|Any CPU
		{EC079BBA-E97F-47B8-A31B-9D9F7237BCD1}.Ad-Hoc|Mixed Platforms.Deploy.0 = Release|Any CPU
		{EC079BBA-E97F-47B8-A31B-9D9F7237BCD1}.Ad-Hoc|x86.ActiveCfg = Release|Any CPU
		{EC079BBA-E97F-47B8-A31B-9D9F7237BCD1}.AppStore|Any CPU.ActiveCfg = Release|Any CPU
		{EC079BBA-E97F-47B8-A31B-9D9F7237BCD1}.AppStore|Any CPU.Build.0 = Release|Any CPU
		{EC079BBA-E97F-47B8-A31B-9D9F7237BCD1}.AppStore|Any CPU.Deploy.0 = Release|Any CPU
		{EC079BBA-E97F-47B8-A31B-9D9F7237BCD1}.AppStore|ARM.ActiveCfg = Release|Any CPU
		{EC079BBA-E97F-47B8-A31B-9D9F7237BCD1}.AppStore|iPhone.ActiveCfg = Release|Any CPU
		{EC079BBA-E97F-47B8-A31B-9D9F7237BCD1}.AppStore|iPhoneSimulator.ActiveCfg = Release|Any CPU
		{EC079BBA-E97F-47B8-A31B-9D9F7237BCD1}.AppStore|Mixed Platforms.ActiveCfg = Release|Any CPU
		{EC079BBA-E97F-47B8-A31B-9D9F7237BCD1}.AppStore|Mixed Platforms.Build.0 = Release|Any CPU
		{EC079BBA-E97F-47B8-A31B-9D9F7237BCD1}.AppStore|Mixed Platforms.Deploy.0 = Release|Any CPU
		{EC079BBA-E97F-47B8-A31B-9D9F7237BCD1}.AppStore|x86.ActiveCfg = Release|Any CPU
		{EC079BBA-E97F-47B8-A31B-9D9F7237BCD1}.Debug|Any CPU.ActiveCfg = Debug|Any CPU
		{EC079BBA-E97F-47B8-A31B-9D9F7237BCD1}.Debug|Any CPU.Build.0 = Debug|Any CPU
		{EC079BBA-E97F-47B8-A31B-9D9F7237BCD1}.Debug|Any CPU.Deploy.0 = Debug|Any CPU
		{EC079BBA-E97F-47B8-A31B-9D9F7237BCD1}.Debug|ARM.ActiveCfg = Debug|Any CPU
		{EC079BBA-E97F-47B8-A31B-9D9F7237BCD1}.Debug|iPhone.ActiveCfg = Debug|Any CPU
		{EC079BBA-E97F-47B8-A31B-9D9F7237BCD1}.Debug|iPhoneSimulator.ActiveCfg = Debug|Any CPU
		{EC079BBA-E97F-47B8-A31B-9D9F7237BCD1}.Debug|Mixed Platforms.ActiveCfg = Debug|Any CPU
		{EC079BBA-E97F-47B8-A31B-9D9F7237BCD1}.Debug|Mixed Platforms.Build.0 = Debug|Any CPU
		{EC079BBA-E97F-47B8-A31B-9D9F7237BCD1}.Debug|Mixed Platforms.Deploy.0 = Debug|Any CPU
		{EC079BBA-E97F-47B8-A31B-9D9F7237BCD1}.Debug|x86.ActiveCfg = Debug|Any CPU
		{EC079BBA-E97F-47B8-A31B-9D9F7237BCD1}.Release|Any CPU.ActiveCfg = Release|Any CPU
		{EC079BBA-E97F-47B8-A31B-9D9F7237BCD1}.Release|Any CPU.Build.0 = Release|Any CPU
		{EC079BBA-E97F-47B8-A31B-9D9F7237BCD1}.Release|Any CPU.Deploy.0 = Release|Any CPU
		{EC079BBA-E97F-47B8-A31B-9D9F7237BCD1}.Release|ARM.ActiveCfg = Release|Any CPU
		{EC079BBA-E97F-47B8-A31B-9D9F7237BCD1}.Release|iPhone.ActiveCfg = Release|Any CPU
		{EC079BBA-E97F-47B8-A31B-9D9F7237BCD1}.Release|iPhoneSimulator.ActiveCfg = Release|Any CPU
		{EC079BBA-E97F-47B8-A31B-9D9F7237BCD1}.Release|Mixed Platforms.ActiveCfg = Release|Any CPU
		{EC079BBA-E97F-47B8-A31B-9D9F7237BCD1}.Release|Mixed Platforms.Build.0 = Release|Any CPU
		{EC079BBA-E97F-47B8-A31B-9D9F7237BCD1}.Release|Mixed Platforms.Deploy.0 = Release|Any CPU
		{EC079BBA-E97F-47B8-A31B-9D9F7237BCD1}.Release|x86.ActiveCfg = Release|Any CPU
		{D3702E3D-4466-4AA8-93D0-6142DF8C5C73}.Ad-Hoc|Any CPU.ActiveCfg = Release|Any CPU
		{D3702E3D-4466-4AA8-93D0-6142DF8C5C73}.Ad-Hoc|Any CPU.Build.0 = Release|Any CPU
		{D3702E3D-4466-4AA8-93D0-6142DF8C5C73}.Ad-Hoc|Any CPU.Deploy.0 = Release|Any CPU
		{D3702E3D-4466-4AA8-93D0-6142DF8C5C73}.Ad-Hoc|ARM.ActiveCfg = Release|ARM
		{D3702E3D-4466-4AA8-93D0-6142DF8C5C73}.Ad-Hoc|ARM.Build.0 = Release|ARM
		{D3702E3D-4466-4AA8-93D0-6142DF8C5C73}.Ad-Hoc|ARM.Deploy.0 = Release|ARM
		{D3702E3D-4466-4AA8-93D0-6142DF8C5C73}.Ad-Hoc|iPhone.ActiveCfg = Release|Any CPU
		{D3702E3D-4466-4AA8-93D0-6142DF8C5C73}.Ad-Hoc|iPhoneSimulator.ActiveCfg = Release|Any CPU
		{D3702E3D-4466-4AA8-93D0-6142DF8C5C73}.Ad-Hoc|Mixed Platforms.ActiveCfg = Release|x86
		{D3702E3D-4466-4AA8-93D0-6142DF8C5C73}.Ad-Hoc|Mixed Platforms.Build.0 = Release|x86
		{D3702E3D-4466-4AA8-93D0-6142DF8C5C73}.Ad-Hoc|Mixed Platforms.Deploy.0 = Release|x86
		{D3702E3D-4466-4AA8-93D0-6142DF8C5C73}.Ad-Hoc|x86.ActiveCfg = Release|x86
		{D3702E3D-4466-4AA8-93D0-6142DF8C5C73}.Ad-Hoc|x86.Build.0 = Release|x86
		{D3702E3D-4466-4AA8-93D0-6142DF8C5C73}.Ad-Hoc|x86.Deploy.0 = Release|x86
		{D3702E3D-4466-4AA8-93D0-6142DF8C5C73}.AppStore|Any CPU.ActiveCfg = Release|Any CPU
		{D3702E3D-4466-4AA8-93D0-6142DF8C5C73}.AppStore|Any CPU.Build.0 = Release|Any CPU
		{D3702E3D-4466-4AA8-93D0-6142DF8C5C73}.AppStore|Any CPU.Deploy.0 = Release|Any CPU
		{D3702E3D-4466-4AA8-93D0-6142DF8C5C73}.AppStore|ARM.ActiveCfg = Release|ARM
		{D3702E3D-4466-4AA8-93D0-6142DF8C5C73}.AppStore|ARM.Build.0 = Release|ARM
		{D3702E3D-4466-4AA8-93D0-6142DF8C5C73}.AppStore|ARM.Deploy.0 = Release|ARM
		{D3702E3D-4466-4AA8-93D0-6142DF8C5C73}.AppStore|iPhone.ActiveCfg = Release|Any CPU
		{D3702E3D-4466-4AA8-93D0-6142DF8C5C73}.AppStore|iPhoneSimulator.ActiveCfg = Release|Any CPU
		{D3702E3D-4466-4AA8-93D0-6142DF8C5C73}.AppStore|Mixed Platforms.ActiveCfg = Release|x86
		{D3702E3D-4466-4AA8-93D0-6142DF8C5C73}.AppStore|Mixed Platforms.Build.0 = Release|x86
		{D3702E3D-4466-4AA8-93D0-6142DF8C5C73}.AppStore|Mixed Platforms.Deploy.0 = Release|x86
		{D3702E3D-4466-4AA8-93D0-6142DF8C5C73}.AppStore|x86.ActiveCfg = Release|x86
		{D3702E3D-4466-4AA8-93D0-6142DF8C5C73}.AppStore|x86.Build.0 = Release|x86
		{D3702E3D-4466-4AA8-93D0-6142DF8C5C73}.AppStore|x86.Deploy.0 = Release|x86
		{D3702E3D-4466-4AA8-93D0-6142DF8C5C73}.Debug|Any CPU.ActiveCfg = Debug|Any CPU
		{D3702E3D-4466-4AA8-93D0-6142DF8C5C73}.Debug|Any CPU.Build.0 = Debug|Any CPU
		{D3702E3D-4466-4AA8-93D0-6142DF8C5C73}.Debug|Any CPU.Deploy.0 = Debug|Any CPU
		{D3702E3D-4466-4AA8-93D0-6142DF8C5C73}.Debug|ARM.ActiveCfg = Debug|ARM
		{D3702E3D-4466-4AA8-93D0-6142DF8C5C73}.Debug|ARM.Build.0 = Debug|ARM
		{D3702E3D-4466-4AA8-93D0-6142DF8C5C73}.Debug|ARM.Deploy.0 = Debug|ARM
		{D3702E3D-4466-4AA8-93D0-6142DF8C5C73}.Debug|iPhone.ActiveCfg = Debug|Any CPU
		{D3702E3D-4466-4AA8-93D0-6142DF8C5C73}.Debug|iPhoneSimulator.ActiveCfg = Debug|Any CPU
		{D3702E3D-4466-4AA8-93D0-6142DF8C5C73}.Debug|Mixed Platforms.ActiveCfg = Debug|x86
		{D3702E3D-4466-4AA8-93D0-6142DF8C5C73}.Debug|Mixed Platforms.Build.0 = Debug|x86
		{D3702E3D-4466-4AA8-93D0-6142DF8C5C73}.Debug|Mixed Platforms.Deploy.0 = Debug|x86
		{D3702E3D-4466-4AA8-93D0-6142DF8C5C73}.Debug|x86.ActiveCfg = Debug|x86
		{D3702E3D-4466-4AA8-93D0-6142DF8C5C73}.Debug|x86.Build.0 = Debug|x86
		{D3702E3D-4466-4AA8-93D0-6142DF8C5C73}.Debug|x86.Deploy.0 = Debug|x86
		{D3702E3D-4466-4AA8-93D0-6142DF8C5C73}.Release|Any CPU.ActiveCfg = Release|Any CPU
		{D3702E3D-4466-4AA8-93D0-6142DF8C5C73}.Release|Any CPU.Build.0 = Release|Any CPU
		{D3702E3D-4466-4AA8-93D0-6142DF8C5C73}.Release|Any CPU.Deploy.0 = Release|Any CPU
		{D3702E3D-4466-4AA8-93D0-6142DF8C5C73}.Release|ARM.ActiveCfg = Release|ARM
		{D3702E3D-4466-4AA8-93D0-6142DF8C5C73}.Release|ARM.Build.0 = Release|ARM
		{D3702E3D-4466-4AA8-93D0-6142DF8C5C73}.Release|ARM.Deploy.0 = Release|ARM
		{D3702E3D-4466-4AA8-93D0-6142DF8C5C73}.Release|iPhone.ActiveCfg = Release|Any CPU
		{D3702E3D-4466-4AA8-93D0-6142DF8C5C73}.Release|iPhoneSimulator.ActiveCfg = Release|Any CPU
		{D3702E3D-4466-4AA8-93D0-6142DF8C5C73}.Release|Mixed Platforms.ActiveCfg = Release|x86
		{D3702E3D-4466-4AA8-93D0-6142DF8C5C73}.Release|Mixed Platforms.Build.0 = Release|x86
		{D3702E3D-4466-4AA8-93D0-6142DF8C5C73}.Release|Mixed Platforms.Deploy.0 = Release|x86
		{D3702E3D-4466-4AA8-93D0-6142DF8C5C73}.Release|x86.ActiveCfg = Release|x86
		{D3702E3D-4466-4AA8-93D0-6142DF8C5C73}.Release|x86.Build.0 = Release|x86
		{D3702E3D-4466-4AA8-93D0-6142DF8C5C73}.Release|x86.Deploy.0 = Release|x86
	EndGlobalSection
	GlobalSection(SolutionProperties) = preSolution
		HideSolutionNode = FALSE
	EndGlobalSection
	GlobalSection(MonoDevelopProperties) = preSolution
		Policies = $0
		$0.DotNetNamingPolicy = $1
		$1.DirectoryNamespaceAssociation = PrefixedHierarchical
	EndGlobalSection
EndGlobal
